
Microsoft Visual Studio Solution File, Format Version 12.00
# Visual Studio 15
VisualStudioVersion = 15.0.28307.489
MinimumVisualStudioVersion = 10.0.40219.1
Project("{FAE04EC0-301F-11D3-BF4B-00C04F79EFBC}") = "AT", "AT\AT.csproj", "{A8BDEC45-5B8B-4879-A90D-4D0968CDBA93}"
EndProject
Global
	GlobalSection(SolutionConfigurationPlatforms) = preSolution
		Debug|Any CPU = Debug|Any CPU
		Release|Any CPU = Release|Any CPU
	EndGlobalSection
	GlobalSection(ProjectConfigurationPlatforms) = postSolution
		{A8BDEC45-5B8B-4879-A90D-4D0968CDBA93}.Debug|Any CPU.ActiveCfg = Debug|Any CPU
		{A8BDEC45-5B8B-4879-A90D-4D0968CDBA93}.Debug|Any CPU.Build.0 = Debug|Any CPU
		{A8BDEC45-5B8B-4879-A90D-4D0968CDBA93}.Release|Any CPU.ActiveCfg = Release|Any CPU
		{A8BDEC45-5B8B-4879-A90D-4D0968CDBA93}.Release|Any CPU.Build.0 = Release|Any CPU
	EndGlobalSection
	GlobalSection(SolutionProperties) = preSolution
		HideSolutionNode = FALSE
	EndGlobalSection
	GlobalSection(ExtensibilityGlobals) = postSolution
		SolutionGuid = {9D3D0362-B883-477D-9550-2FEC90E92F5F}
	EndGlobalSection
EndGlobal
